
Microsoft Visual Studio Solution File, Format Version 12.00
# Visual Studio Version 16
VisualStudioVersion = 16.0.31019.35
MinimumVisualStudioVersion = 10.0.40219.1
Project("{2150E333-8FDC-42A3-9474-1A3956D46DE8}") = "1 - Application", "1 - Application", "{62547331-E87C-4D8D-979A-C83E215FD59A}"
EndProject
Project("{2150E333-8FDC-42A3-9474-1A3956D46DE8}") = "2 - Domain", "2 - Domain", "{15B9A8FC-D99A-4D8A-B8C2-DC89A95C298F}"
EndProject
Project("{2150E333-8FDC-42A3-9474-1A3956D46DE8}") = "3 - Service", "3 - Service", "{A0642BEC-5575-4687-BB94-15E90476A782}"
EndProject
Project("{2150E333-8FDC-42A3-9474-1A3956D46DE8}") = "4 -  Infrastructure", "4 -  Infrastructure", "{AB9664B4-96C9-4348-AA96-14CF2EF8C530}"
EndProject
Project("{2150E333-8FDC-42A3-9474-1A3956D46DE8}") = "5 - UnitTest", "5 - UnitTest", "{1AE0ED9B-53A3-4CC2-85AB-50EC27BE0460}"
EndProject
Project("{2150E333-8FDC-42A3-9474-1A3956D46DE8}") = "4.1 - Data", "4.1 - Data", "{E26D5E29-09FD-4B78-B766-E6AFA5BF4036}"
EndProject
Project("{2150E333-8FDC-42A3-9474-1A3956D46DE8}") = "4.2 - CrossCutting", "4.2 - CrossCutting", "{3BD29BBD-C48C-449B-96EB-C0128EEF777C}"
EndProject
Project("{E53339B2-1760-4266-BCC7-CA923CBCF16C}") = "docker-compose", "docker-compose.dcproj", "{C3564AF2-89B8-4627-86DF-1AA29BE9748B}"
EndProject
Project("{2150E333-8FDC-42A3-9474-1A3956D46DE8}") = "envs", "envs", "{B9954F7A-227B-411D-8AA4-7E6FDC8C4A48}"
	ProjectSection(SolutionItems) = preProject
		env\HmlPre3.yml = env\HmlPre3.yml
		env\HmlPre4.yml = env\HmlPre4.yml
		env\HmlPre7.yml = env\HmlPre7.yml
		env\HmlPreProd.yml = env\HmlPreProd.yml
		env\Prod.yml = env\Prod.yml
	EndProjectSection
EndProject
Project("{9A19103F-16F7-4668-BE54-9A1E7A4F7556}") = "Services", "Services\Services.csproj", "{7ACB7F27-6065-4A56-A7A5-8A9C2E0E2E52}"
EndProject
Project("{9A19103F-16F7-4668-BE54-9A1E7A4F7556}") = "WebApi", "WebApi\WebApi.csproj", "{CF15BA62-73E6-4F37-9A21-4B460D37B295}"
EndProject
Project("{2150E333-8FDC-42A3-9474-1A3956D46DE8}") = "4.3 - Cloud", "4.3 - Cloud", "{7962FF4A-F8AA-452E-9CF6-BC9A5DD8DCC4}"
EndProject
Project("{9A19103F-16F7-4668-BE54-9A1E7A4F7556}") = "Data", "Infrastructure.Data\Data.csproj", "{4709C4DC-F1B8-403F-A4ED-871CB24CFA5D}"
EndProject
Project("{9A19103F-16F7-4668-BE54-9A1E7A4F7556}") = "CrossCutting", "Infrastructure.CrossCutting\CrossCutting.csproj", "{24511E93-418A-4588-B115-76014FF48876}"
EndProject
Project("{9A19103F-16F7-4668-BE54-9A1E7A4F7556}") = "Cloud", "Infrastructure.Cloud\Cloud.csproj", "{B7EEFD49-6550-4DB2-9D08-0967CA9B582F}"
EndProject
Project("{9A19103F-16F7-4668-BE54-9A1E7A4F7556}") = "Domain", "Domain\Domain.csproj", "{4F36B35C-57E8-41CB-9019-126E257AA935}"
EndProject
Project("{2150E333-8FDC-42A3-9474-1A3956D46DE8}") = "6 - IntegrationTest", "6 - IntegrationTest", "{630AEA3B-B65C-4178-BA07-FC6FED756BD1}"
EndProject
Project("{FAE04EC0-301F-11D3-BF4B-00C04F79EFBC}") = "IntegrationTests", "IntegrationTests\IntegrationTests.csproj", "{9A20AFE2-A1BA-40D1-BD0C-EDA0EAC5EA3A}"
EndProject
Global
	GlobalSection(SolutionConfigurationPlatforms) = preSolution
		Debug|Any CPU = Debug|Any CPU
		Release|Any CPU = Release|Any CPU
	EndGlobalSection
	GlobalSection(ProjectConfigurationPlatforms) = postSolution
		{C3564AF2-89B8-4627-86DF-1AA29BE9748B}.Debug|Any CPU.ActiveCfg = Debug|Any CPU
		{C3564AF2-89B8-4627-86DF-1AA29BE9748B}.Debug|Any CPU.Build.0 = Debug|Any CPU
		{C3564AF2-89B8-4627-86DF-1AA29BE9748B}.Release|Any CPU.ActiveCfg = Release|Any CPU
		{C3564AF2-89B8-4627-86DF-1AA29BE9748B}.Release|Any CPU.Build.0 = Release|Any CPU
		{7ACB7F27-6065-4A56-A7A5-8A9C2E0E2E52}.Debug|Any CPU.ActiveCfg = Debug|Any CPU
		{7ACB7F27-6065-4A56-A7A5-8A9C2E0E2E52}.Debug|Any CPU.Build.0 = Debug|Any CPU
		{7ACB7F27-6065-4A56-A7A5-8A9C2E0E2E52}.Release|Any CPU.ActiveCfg = Release|Any CPU
		{7ACB7F27-6065-4A56-A7A5-8A9C2E0E2E52}.Release|Any CPU.Build.0 = Release|Any CPU
		{CF15BA62-73E6-4F37-9A21-4B460D37B295}.Debug|Any CPU.ActiveCfg = Debug|Any CPU
		{CF15BA62-73E6-4F37-9A21-4B460D37B295}.Debug|Any CPU.Build.0 = Debug|Any CPU
		{CF15BA62-73E6-4F37-9A21-4B460D37B295}.Release|Any CPU.ActiveCfg = Release|Any CPU
		{CF15BA62-73E6-4F37-9A21-4B460D37B295}.Release|Any CPU.Build.0 = Release|Any CPU
		{4709C4DC-F1B8-403F-A4ED-871CB24CFA5D}.Debug|Any CPU.ActiveCfg = Debug|Any CPU
		{4709C4DC-F1B8-403F-A4ED-871CB24CFA5D}.Debug|Any CPU.Build.0 = Debug|Any CPU
		{4709C4DC-F1B8-403F-A4ED-871CB24CFA5D}.Release|Any CPU.ActiveCfg = Release|Any CPU
		{4709C4DC-F1B8-403F-A4ED-871CB24CFA5D}.Release|Any CPU.Build.0 = Release|Any CPU
		{24511E93-418A-4588-B115-76014FF48876}.Debug|Any CPU.ActiveCfg = Debug|Any CPU
		{24511E93-418A-4588-B115-76014FF48876}.Debug|Any CPU.Build.0 = Debug|Any CPU
		{24511E93-418A-4588-B115-76014FF48876}.Release|Any CPU.ActiveCfg = Release|Any CPU
		{24511E93-418A-4588-B115-76014FF48876}.Release|Any CPU.Build.0 = Release|Any CPU
		{B7EEFD49-6550-4DB2-9D08-0967CA9B582F}.Debug|Any CPU.ActiveCfg = Debug|Any CPU
		{B7EEFD49-6550-4DB2-9D08-0967CA9B582F}.Debug|Any CPU.Build.0 = Debug|Any CPU
		{B7EEFD49-6550-4DB2-9D08-0967CA9B582F}.Release|Any CPU.ActiveCfg = Release|Any CPU
		{B7EEFD49-6550-4DB2-9D08-0967CA9B582F}.Release|Any CPU.Build.0 = Release|Any CPU
		{4F36B35C-57E8-41CB-9019-126E257AA935}.Debug|Any CPU.ActiveCfg = Debug|Any CPU
		{4F36B35C-57E8-41CB-9019-126E257AA935}.Debug|Any CPU.Build.0 = Debug|Any CPU
		{4F36B35C-57E8-41CB-9019-126E257AA935}.Release|Any CPU.ActiveCfg = Release|Any CPU
		{4F36B35C-57E8-41CB-9019-126E257AA935}.Release|Any CPU.Build.0 = Release|Any CPU
		{9A20AFE2-A1BA-40D1-BD0C-EDA0EAC5EA3A}.Debug|Any CPU.ActiveCfg = Debug|Any CPU
		{9A20AFE2-A1BA-40D1-BD0C-EDA0EAC5EA3A}.Debug|Any CPU.Build.0 = Debug|Any CPU
		{9A20AFE2-A1BA-40D1-BD0C-EDA0EAC5EA3A}.Release|Any CPU.ActiveCfg = Release|Any CPU
		{9A20AFE2-A1BA-40D1-BD0C-EDA0EAC5EA3A}.Release|Any CPU.Build.0 = Release|Any CPU
	EndGlobalSection
	GlobalSection(SolutionProperties) = preSolution
		HideSolutionNode = FALSE
	EndGlobalSection
	GlobalSection(NestedProjects) = preSolution
		{E26D5E29-09FD-4B78-B766-E6AFA5BF4036} = {AB9664B4-96C9-4348-AA96-14CF2EF8C530}
		{3BD29BBD-C48C-449B-96EB-C0128EEF777C} = {AB9664B4-96C9-4348-AA96-14CF2EF8C530}
		{C3564AF2-89B8-4627-86DF-1AA29BE9748B} = {62547331-E87C-4D8D-979A-C83E215FD59A}
		{B9954F7A-227B-411D-8AA4-7E6FDC8C4A48} = {62547331-E87C-4D8D-979A-C83E215FD59A}
		{7ACB7F27-6065-4A56-A7A5-8A9C2E0E2E52} = {A0642BEC-5575-4687-BB94-15E90476A782}
		{CF15BA62-73E6-4F37-9A21-4B460D37B295} = {62547331-E87C-4D8D-979A-C83E215FD59A}
		{7962FF4A-F8AA-452E-9CF6-BC9A5DD8DCC4} = {AB9664B4-96C9-4348-AA96-14CF2EF8C530}
		{4709C4DC-F1B8-403F-A4ED-871CB24CFA5D} = {E26D5E29-09FD-4B78-B766-E6AFA5BF4036}
		{24511E93-418A-4588-B115-76014FF48876} = {3BD29BBD-C48C-449B-96EB-C0128EEF777C}
		{B7EEFD49-6550-4DB2-9D08-0967CA9B582F} = {7962FF4A-F8AA-452E-9CF6-BC9A5DD8DCC4}
		{4F36B35C-57E8-41CB-9019-126E257AA935} = {15B9A8FC-D99A-4D8A-B8C2-DC89A95C298F}
		{9A20AFE2-A1BA-40D1-BD0C-EDA0EAC5EA3A} = {630AEA3B-B65C-4178-BA07-FC6FED756BD1}
	EndGlobalSection
	GlobalSection(ExtensibilityGlobals) = postSolution
		SolutionGuid = {7A6978E4-73A5-42DD-BAF1-2B51CBE5D625}
	EndGlobalSection
EndGlobal
